
Microsoft Visual Studio Solution File, Format Version 12.00
# Visual Studio Version 17
VisualStudioVersion = 17.5.002.0
MinimumVisualStudioVersion = 10.0.40219.1
Project("{9A19103F-16F7-4668-BE54-9A1E7A4F7556}") = "Rivera_Mauricio_LINQ_EnLINQ", "Rivera_Mauricio_LINQ_EnLINQ.csproj", "{CB711D66-6B1C-4C46-B2D8-0333FE3E7C7A}"
EndProject
Global
	GlobalSection(SolutionConfigurationPlatforms) = preSolution
		Debug|Any CPU = Debug|Any CPU
		Release|Any CPU = Release|Any CPU
	EndGlobalSection
	GlobalSection(ProjectConfigurationPlatforms) = postSolution
		{CB711D66-6B1C-4C46-B2D8-0333FE3E7C7A}.Debug|Any CPU.ActiveCfg = Debug|Any CPU
		{CB711D66-6B1C-4C46-B2D8-0333FE3E7C7A}.Debug|Any CPU.Build.0 = Debug|Any CPU
		{CB711D66-6B1C-4C46-B2D8-0333FE3E7C7A}.Release|Any CPU.ActiveCfg = Release|Any CPU
		{CB711D66-6B1C-4C46-B2D8-0333FE3E7C7A}.Release|Any CPU.Build.0 = Release|Any CPU
	EndGlobalSection
	GlobalSection(SolutionProperties) = preSolution
		HideSolutionNode = FALSE
	EndGlobalSection
	GlobalSection(ExtensibilityGlobals) = postSolution
		SolutionGuid = {D47BBED0-58BF-40FA-946A-945EFA699667}
	EndGlobalSection
EndGlobal
